// !$*UTF8*$!
{
	archiveVersion = 1;
	classes = {
	};
	objectVersion = 46;
	objects = {

/* Begin PBXBuildFile section */
		DE4CA2E21D415FB100467654 /* AppDelegate.swift in Sources */ = {isa = PBXBuildFile; fileRef = DE4CA2E11D415FB100467654 /* AppDelegate.swift */; };
		DE4CA2E41D415FB100467654 /* ViewController.swift in Sources */ = {isa = PBXBuildFile; fileRef = DE4CA2E31D415FB100467654 /* ViewController.swift */; };
		DE4CA2E71D415FB100467654 /* Main.storyboard in Resources */ = {isa = PBXBuildFile; fileRef = DE4CA2E51D415FB100467654 /* Main.storyboard */; };
		DE4CA2E91D415FB100467654 /* Assets.xcassets in Resources */ = {isa = PBXBuildFile; fileRef = DE4CA2E81D415FB100467654 /* Assets.xcassets */; };
		DE4CA2EC1D415FB100467654 /* LaunchScreen.storyboard in Resources */ = {isa = PBXBuildFile; fileRef = DE4CA2EA1D415FB100467654 /* LaunchScreen.storyboard */; };
		DE4CA3251D41652400467654 /* Game.swift in Sources */ = {isa = PBXBuildFile; fileRef = DE4CA3241D41652400467654 /* Game.swift */; };
		DE4CA3271D42AC1100467654 /* Events.swift in Sources */ = {isa = PBXBuildFile; fileRef = DE4CA3261D42AC1100467654 /* Events.swift */; };
		DEB72EC71D53F99F00B7DCF9 /* AlbumView.swift in Sources */ = {isa = PBXBuildFile; fileRef = DEB72EC61D53F99F00B7DCF9 /* AlbumView.swift */; };
		DEFACC8B1D5BC963002AADAE /* CorrectDing.wav in Resources */ = {isa = PBXBuildFile; fileRef = DEFACC8A1D5BC963002AADAE /* CorrectDing.wav */; };
		DEFACC8D1D5BC973002AADAE /* IncorrectBuzz.wav in Resources */ = {isa = PBXBuildFile; fileRef = DEFACC8C1D5BC973002AADAE /* IncorrectBuzz.wav */; };
		DEFACC911D5BCA04002AADAE /* Sounds.swift in Sources */ = {isa = PBXBuildFile; fileRef = DEFACC901D5BCA04002AADAE /* Sounds.swift */; };
/* End PBXBuildFile section */

/* Begin PBXFileReference section */
		DE4CA2DE1D415FB100467654 /* Bout Time.app */ = {isa = PBXFileReference; explicitFileType = wrapper.application; includeInIndex = 0; path = "Bout Time.app"; sourceTree = BUILT_PRODUCTS_DIR; };
		DE4CA2E11D415FB100467654 /* AppDelegate.swift */ = {isa = PBXFileReference; lastKnownFileType = sourcecode.swift; path = AppDelegate.swift; sourceTree = "<group>"; };
		DE4CA2E31D415FB100467654 /* ViewController.swift */ = {isa = PBXFileReference; lastKnownFileType = sourcecode.swift; path = ViewController.swift; sourceTree = "<group>"; };
		DE4CA2E61D415FB100467654 /* Base */ = {isa = PBXFileReference; lastKnownFileType = file.storyboard; name = Base; path = Base.lproj/Main.storyboard; sourceTree = "<group>"; };
		DE4CA2E81D415FB100467654 /* Assets.xcassets */ = {isa = PBXFileReference; lastKnownFileType = folder.assetcatalog; path = Assets.xcassets; sourceTree = "<group>"; };
		DE4CA2EB1D415FB100467654 /* Base */ = {isa = PBXFileReference; lastKnownFileType = file.storyboard; name = Base; path = Base.lproj/LaunchScreen.storyboard; sourceTree = "<group>"; };
		DE4CA2ED1D415FB100467654 /* Info.plist */ = {isa = PBXFileReference; lastKnownFileType = text.plist.xml; path = Info.plist; sourceTree = "<group>"; };
		DE4CA3241D41652400467654 /* Game.swift */ = {isa = PBXFileReference; fileEncoding = 4; lastKnownFileType = sourcecode.swift; path = Game.swift; sourceTree = "<group>"; };
		DE4CA3261D42AC1100467654 /* Events.swift */ = {isa = PBXFileReference; fileEncoding = 4; lastKnownFileType = sourcecode.swift; path = Events.swift; sourceTree = "<group>"; };
		DEB72EC61D53F99F00B7DCF9 /* AlbumView.swift */ = {isa = PBXFileReference; fileEncoding = 4; lastKnownFileType = sourcecode.swift; path = AlbumView.swift; sourceTree = "<group>"; };
		DEFACC8A1D5BC963002AADAE /* CorrectDing.wav */ = {isa = PBXFileReference; lastKnownFileType = audio.wav; name = CorrectDing.wav; path = Assets.xcassets/CorrectDing.dataset/CorrectDing.wav; sourceTree = "<group>"; };
		DEFACC8C1D5BC973002AADAE /* IncorrectBuzz.wav */ = {isa = PBXFileReference; lastKnownFileType = audio.wav; name = IncorrectBuzz.wav; path = Assets.xcassets/IncorrectBuzz.dataset/IncorrectBuzz.wav; sourceTree = "<group>"; };
		DEFACC901D5BCA04002AADAE /* Sounds.swift */ = {isa = PBXFileReference; fileEncoding = 4; lastKnownFileType = sourcecode.swift; name = Sounds.swift; path = ../Sounds.swift; sourceTree = "<group>"; };
/* End PBXFileReference section */

/* Begin PBXFrameworksBuildPhase section */
		DE4CA2DB1D415FB100467654 /* Frameworks */ = {
			isa = PBXFrameworksBuildPhase;
			buildActionMask = 2147483647;
			files = (
			);
			runOnlyForDeploymentPostprocessing = 0;
		};
/* End PBXFrameworksBuildPhase section */

/* Begin PBXGroup section */
		DE4CA2D51D415FB100467654 = {
			isa = PBXGroup;
			children = (
				DE4CA2E01D415FB100467654 /* Bout Time */,
				DE4CA2DF1D415FB100467654 /* Products */,
			);
			sourceTree = "<group>";
		};
		DE4CA2DF1D415FB100467654 /* Products */ = {
			isa = PBXGroup;
			children = (
				DE4CA2DE1D415FB100467654 /* Bout Time.app */,
			);
			name = Products;
			sourceTree = "<group>";
		};
		DE4CA2E01D415FB100467654 /* Bout Time */ = {
			isa = PBXGroup;
			children = (
				DE4CA2E11D415FB100467654 /* AppDelegate.swift */,
				DE4CA2E31D415FB100467654 /* ViewController.swift */,
				DE4CA3241D41652400467654 /* Game.swift */,
				DEB72EC61D53F99F00B7DCF9 /* AlbumView.swift */,
				DEFACC901D5BCA04002AADAE /* Sounds.swift */,
				DE4CA3261D42AC1100467654 /* Events.swift */,
				DE4CA2E51D415FB100467654 /* Main.storyboard */,
				DE4CA2E81D415FB100467654 /* Assets.xcassets */,
				DE4CA2EA1D415FB100467654 /* LaunchScreen.storyboard */,
				DE4CA2ED1D415FB100467654 /* Info.plist */,
				DEFACC8A1D5BC963002AADAE /* CorrectDing.wav */,
				DEFACC8C1D5BC973002AADAE /* IncorrectBuzz.wav */,
			);
			path = "Bout Time";
			sourceTree = "<group>";
		};
/* End PBXGroup section */

/* Begin PBXNativeTarget section */
		DE4CA2DD1D415FB100467654 /* Bout Time */ = {
			isa = PBXNativeTarget;
			buildConfigurationList = DE4CA2F01D415FB100467654 /* Build configuration list for PBXNativeTarget "Bout Time" */;
			buildPhases = (
				DE4CA2DA1D415FB100467654 /* Sources */,
				DE4CA2DB1D415FB100467654 /* Frameworks */,
				DE4CA2DC1D415FB100467654 /* Resources */,
			);
			buildRules = (
			);
			dependencies = (
			);
			name = "Bout Time";
			productName = "Bout Time";
			productReference = DE4CA2DE1D415FB100467654 /* Bout Time.app */;
			productType = "com.apple.product-type.application";
		};
/* End PBXNativeTarget section */

/* Begin PBXProject section */
		DE4CA2D61D415FB100467654 /* Project object */ = {
			isa = PBXProject;
			attributes = {
				LastSwiftUpdateCheck = 0730;
				LastUpgradeCheck = 0730;
				ORGANIZATIONNAME = "Jacob Virgin";
				TargetAttributes = {
					DE4CA2DD1D415FB100467654 = {
						CreatedOnToolsVersion = 7.3.1;
					};
				};
			};
			buildConfigurationList = DE4CA2D91D415FB100467654 /* Build configuration list for PBXProject "Bout Time" */;
			compatibilityVersion = "Xcode 3.2";
			developmentRegion = English;
			hasScannedForEncodings = 0;
			knownRegions = (
				en,
				Base,
			);
			mainGroup = DE4CA2D51D415FB100467654;
			productRefGroup = DE4CA2DF1D415FB100467654 /* Products */;
			projectDirPath = "";
			projectRoot = "";
			targets = (
				DE4CA2DD1D415FB100467654 /* Bout Time */,
			);
		};
/* End PBXProject section */

/* Begin PBXResourcesBuildPhase section */
		DE4CA2DC1D415FB100467654 /* Resources */ = {
			isa = PBXResourcesBuildPhase;
			buildActionMask = 2147483647;
			files = (
				DE4CA2EC1D415FB100467654 /* LaunchScreen.storyboard in Resources */,
				DEFACC8D1D5BC973002AADAE /* IncorrectBuzz.wav in Resources */,
				DE4CA2E91D415FB100467654 /* Assets.xcassets in Resources */,
				DE4CA2E71D415FB100467654 /* Main.storyboard in Resources */,
				DEFACC8B1D5BC963002AADAE /* CorrectDing.wav in Resources */,
			);
			runOnlyForDeploymentPostprocessing = 0;
		};
/* End PBXResourcesBuildPhase section */

/* Begin PBXSourcesBuildPhase section */
		DE4CA2DA1D415FB100467654 /* Sources */ = {
			isa = PBXSourcesBuildPhase;
			buildActionMask = 2147483647;
			files = (
				DE4CA3271D42AC1100467654 /* Events.swift in Sources */,
				DE4CA2E41D415FB100467654 /* ViewController.swift in Sources */,
				DE4CA3251D41652400467654 /* Game.swift in Sources */,
				DEFACC911D5BCA04002AADAE /* Sounds.swift in Sources */,
				DEB72EC71D53F99F00B7DCF9 /* AlbumView.swift in Sources */,
				DE4CA2E21D415FB100467654 /* AppDelegate.swift in Sources */,
			);
			runOnlyForDeploymentPostprocessing = 0;
		};
/* End PBXSourcesBuildPhase section */

/* Begin PBXVariantGroup section */
		DE4CA2E51D415FB100467654 /* Main.storyboard */ = {
			isa = PBXVariantGroup;
			children = (
				DE4CA2E61D415FB100467654 /* Base */,
			);
			name = Main.storyboard;
			sourceTree = "<group>";
		};
		DE4CA2EA1D415FB100467654 /* LaunchScreen.storyboard */ = {
			isa = PBXVariantGroup;
			children = (
				DE4CA2EB1D415FB100467654 /* Base */,
			);
			name = LaunchScreen.storyboard;
			sourceTree = "<group>";
		};
/* End PBXVariantGroup section */

/* Begin XCBuildConfiguration section */
		DE4CA2EE1D415FB100467654 /* Debug */ = {
			isa = XCBuildConfiguration;
			buildSettings = {
				ALWAYS_SEARCH_USER_PATHS = NO;
				CLANG_ANALYZER_NONNULL = YES;
				CLANG_CXX_LANGUAGE_STANDARD = "gnu++0x";
				CLANG_CXX_LIBRARY = "libc++";
				CLANG_ENABLE_MODULES = YES;
				CLANG_ENABLE_OBJC_ARC = YES;
				CLANG_WARN_BOOL_CONVERSION = YES;
				CLANG_WARN_CONSTANT_CONVERSION = YES;
				CLANG_WARN_DIRECT_OBJC_ISA_USAGE = YES_ERROR;
				CLANG_WARN_EMPTY_BODY = YES;
				CLANG_WARN_ENUM_CONVERSION = YES;
				CLANG_WARN_INT_CONVERSION = YES;
				CLANG_WARN_OBJC_ROOT_CLASS = YES_ERROR;
				CLANG_WARN_UNREACHABLE_CODE = YES;
				CLANG_WARN__DUPLICATE_METHOD_MATCH = YES;
				"CODE_SIGN_IDENTITY[sdk=iphoneos*]" = "iPhone Developer";
				COPY_PHASE_STRIP = NO;
				DEBUG_INFORMATION_FORMAT = dwarf;
				ENABLE_STRICT_OBJC_MSGSEND = YES;
				ENABLE_TESTABILITY = YES;
				GCC_C_LANGUAGE_STANDARD = gnu99;
				GCC_DYNAMIC_NO_PIC = NO;
				GCC_NO_COMMON_BLOCKS = YES;
				GCC_OPTIMIZATION_LEVEL = 0;
				GCC_PREPROCESSOR_DEFINITIONS = (
					"DEBUG=1",
					"$(inherited)",
				);
				GCC_WARN_64_TO_32_BIT_CONVERSION = YES;
				GCC_WARN_ABOUT_RETURN_TYPE = YES_ERROR;
				GCC_WARN_UNDECLARED_SELECTOR = YES;
				GCC_WARN_UNINITIALIZED_AUTOS = YES_AGGRESSIVE;
				GCC_WARN_UNUSED_FUNCTION = YES;
				GCC_WARN_UNUSED_VARIABLE = YES;
				IPHONEOS_DEPLOYMENT_TARGET = 9.3;
				MTL_ENABLE_DEBUG_INFO = YES;
				ONLY_ACTIVE_ARCH = YES;
				SDKROOT = iphoneos;
				SWIFT_OPTIMIZATION_LEVEL = "-Onone";
			};
			name = Debug;
		};
		DE4CA2EF1D415FB100467654 /* Release */ = {
			isa = XCBuildConfiguration;
			buildSettings = {
				ALWAYS_SEARCH_USER_PATHS = NO;
				CLANG_ANALYZER_NONNULL = YES;
				CLANG_CXX_LANGUAGE_STANDARD = "gnu++0x";
				CLANG_CXX_LIBRARY = "libc++";
				CLANG_ENABLE_MODULES = YES;
				CLANG_ENABLE_OBJC_ARC = YES;
				CLANG_WARN_BOOL_CONVERSION = YES;
				CLANG_WARN_CONSTANT_CONVERSION = YES;
				CLANG_WARN_DIRECT_OBJC_ISA_USAGE = YES_ERROR;
				CLANG_WARN_EMPTY_BODY = YES;
				CLANG_WARN_ENUM_CONVERSION = YES;
				CLANG_WARN_INT_CONVERSION = YES;
				CLANG_WARN_OBJC_ROOT_CLASS = YES_ERROR;
				CLANG_WARN_UNREACHABLE_CODE = YES;
				CLANG_WARN__DUPLICATE_METHOD_MATCH = YES;
				"CODE_SIGN_IDENTITY[sdk=iphoneos*]" = "iPhone Developer";
				COPY_PHASE_STRIP = NO;
				DEBUG_INFORMATION_FORMAT = "dwarf-with-dsym";
				ENABLE_NS_ASSERTIONS = NO;
				ENABLE_STRICT_OBJC_MSGSEND = YES;
				GCC_C_LANGUAGE_STANDARD = gnu99;
				GCC_NO_COMMON_BLOCKS = YES;
				GCC_WARN_64_TO_32_BIT_CONVERSION = YES;
				GCC_WARN_ABOUT_RETURN_TYPE = YES_ERROR;
				GCC_WARN_UNDECLARED_SELECTOR = YES;
				GCC_WARN_UNINITIALIZED_AUTOS = YES_AGGRESSIVE;
				GCC_WARN_UNUSED_FUNCTION = YES;
				GCC_WARN_UNUSED_VARIABLE = YES;
				IPHONEOS_DEPLOYMENT_TARGET = 9.3;
				MTL_ENABLE_DEBUG_INFO = NO;
				SDKROOT = iphoneos;
				VALIDATE_PRODUCT = YES;
			};
			name = Release;
		};
		DE4CA2F11D415FB100467654 /* Debug */ = {
			isa = XCBuildConfiguration;
			buildSettings = {
				ASSETCATALOG_COMPILER_APPICON_NAME = AppIcon;
				INFOPLIST_FILE = "Bout Time/Info.plist";
				LD_RUNPATH_SEARCH_PATHS = "$(inherited) @executable_path/Frameworks";
				PRODUCT_BUNDLE_IDENTIFIER = "com.virgin.exposure.Bout-Time";
				PRODUCT_NAME = "$(TARGET_NAME)";
			};
			name = Debug;
		};
		DE4CA2F21D415FB100467654 /* Release */ = {
			isa = XCBuildConfiguration;
			buildSettings = {
				ASSETCATALOG_COMPILER_APPICON_NAME = AppIcon;
				INFOPLIST_FILE = "Bout Time/Info.plist";
				LD_RUNPATH_SEARCH_PATHS = "$(inherited) @executable_path/Frameworks";
				PRODUCT_BUNDLE_IDENTIFIER = "com.virgin.exposure.Bout-Time";
				PRODUCT_NAME = "$(TARGET_NAME)";
			};
			name = Release;
		};
/* End XCBuildConfiguration section */

/* Begin XCConfigurationList section */
		DE4CA2D91D415FB100467654 /* Build configuration list for PBXProject "Bout Time" */ = {
			isa = XCConfigurationList;
			buildConfigurations = (
				DE4CA2EE1D415FB100467654 /* Debug */,
				DE4CA2EF1D415FB100467654 /* Release */,
			);
			defaultConfigurationIsVisible = 0;
			defaultConfigurationName = Release;
		};
		DE4CA2F01D415FB100467654 /* Build configuration list for PBXNativeTarget "Bout Time" */ = {
			isa = XCConfigurationList;
			buildConfigurations = (
				DE4CA2F11D415FB100467654 /* Debug */,
				DE4CA2F21D415FB100467654 /* Release */,
			);
			defaultConfigurationIsVisible = 0;
			defaultConfigurationName = Release;
		};
/* End XCConfigurationList section */
	};
	rootObject = DE4CA2D61D415FB100467654 /* Project object */;
}
